// !$*UTF8*$!
{
	archiveVersion = 1;
	classes = {
	};
	objectVersion = 56;
	objects = {

/* Begin PBXBuildFile section */
		1403AADA2A07D275002B69D4 /* Store.swift in Sources */ = {isa = PBXBuildFile; fileRef = 1403AAD92A07D275002B69D4 /* Store.swift */; };
		1403AADC2A07D806002B69D4 /* WeatherCell.swift in Sources */ = {isa = PBXBuildFile; fileRef = 1403AADB2A07D806002B69D4 /* WeatherCell.swift */; };
		1462C9EC2A051C94005256E5 /* swiftUI_weatherApp.swift in Sources */ = {isa = PBXBuildFile; fileRef = 1462C9EB2A051C94005256E5 /* swiftUI_weatherApp.swift */; };
		1462C9EE2A051C94005256E5 /* ContentView.swift in Sources */ = {isa = PBXBuildFile; fileRef = 1462C9ED2A051C94005256E5 /* ContentView.swift */; };
		1462C9F02A051C95005256E5 /* Assets.xcassets in Resources */ = {isa = PBXBuildFile; fileRef = 1462C9EF2A051C95005256E5 /* Assets.xcassets */; };
		1462C9F32A051C95005256E5 /* Preview Assets.xcassets in Resources */ = {isa = PBXBuildFile; fileRef = 1462C9F22A051C95005256E5 /* Preview Assets.xcassets */; };
		1462C9FA2A05204A005256E5 /* ApiName.swift in Sources */ = {isa = PBXBuildFile; fileRef = 1462C9F92A05204A005256E5 /* ApiName.swift */; };
		1462C9FD2A05245F005256E5 /* WeatherResponse.swift in Sources */ = {isa = PBXBuildFile; fileRef = 1462C9FC2A05245F005256E5 /* WeatherResponse.swift */; };
		1462CA002A053231005256E5 /* WeatherService.swift in Sources */ = {isa = PBXBuildFile; fileRef = 1462C9FF2A053231005256E5 /* WeatherService.swift */; };
		1462CA032A05344D005256E5 /* AddWeatherViewModel.swift in Sources */ = {isa = PBXBuildFile; fileRef = 1462CA022A05344D005256E5 /* AddWeatherViewModel.swift */; };
		1462CA052A053492005256E5 /* WeatherViewModel.swift in Sources */ = {isa = PBXBuildFile; fileRef = 1462CA042A053492005256E5 /* WeatherViewModel.swift */; };
		1462CA082A0536E5005256E5 /* ListWeatherView.swift in Sources */ = {isa = PBXBuildFile; fileRef = 1462CA072A0536E5005256E5 /* ListWeatherView.swift */; };
		1462CA0A2A05388B005256E5 /* SettingWeatherView.swift in Sources */ = {isa = PBXBuildFile; fileRef = 1462CA092A05388B005256E5 /* SettingWeatherView.swift */; };
		1462CA0C2A0538D3005256E5 /* AddWeatherView.swift in Sources */ = {isa = PBXBuildFile; fileRef = 1462CA0B2A0538D3005256E5 /* AddWeatherView.swift */; };
/* End PBXBuildFile section */

/* Begin PBXFileReference section */
		1403AAD92A07D275002B69D4 /* Store.swift */ = {isa = PBXFileReference; lastKnownFileType = sourcecode.swift; path = Store.swift; sourceTree = "<group>"; };
		1403AADB2A07D806002B69D4 /* WeatherCell.swift */ = {isa = PBXFileReference; lastKnownFileType = sourcecode.swift; path = WeatherCell.swift; sourceTree = "<group>"; };
		1462C9E82A051C94005256E5 /* swiftUI.weather.app */ = {isa = PBXFileReference; explicitFileType = wrapper.application; includeInIndex = 0; path = swiftUI.weather.app; sourceTree = BUILT_PRODUCTS_DIR; };
		1462C9EB2A051C94005256E5 /* swiftUI_weatherApp.swift */ = {isa = PBXFileReference; lastKnownFileType = sourcecode.swift; path = swiftUI_weatherApp.swift; sourceTree = "<group>"; };
		1462C9ED2A051C94005256E5 /* ContentView.swift */ = {isa = PBXFileReference; lastKnownFileType = sourcecode.swift; path = ContentView.swift; sourceTree = "<group>"; };
		1462C9EF2A051C95005256E5 /* Assets.xcassets */ = {isa = PBXFileReference; lastKnownFileType = folder.assetcatalog; path = Assets.xcassets; sourceTree = "<group>"; };
		1462C9F22A051C95005256E5 /* Preview Assets.xcassets */ = {isa = PBXFileReference; lastKnownFileType = folder.assetcatalog; path = "Preview Assets.xcassets"; sourceTree = "<group>"; };
		1462C9F92A05204A005256E5 /* ApiName.swift */ = {isa = PBXFileReference; lastKnownFileType = sourcecode.swift; path = ApiName.swift; sourceTree = "<group>"; };
		1462C9FC2A05245F005256E5 /* WeatherResponse.swift */ = {isa = PBXFileReference; lastKnownFileType = sourcecode.swift; path = WeatherResponse.swift; sourceTree = "<group>"; };
		1462C9FF2A053231005256E5 /* WeatherService.swift */ = {isa = PBXFileReference; lastKnownFileType = sourcecode.swift; path = WeatherService.swift; sourceTree = "<group>"; };
		1462CA022A05344D005256E5 /* AddWeatherViewModel.swift */ = {isa = PBXFileReference; lastKnownFileType = sourcecode.swift; path = AddWeatherViewModel.swift; sourceTree = "<group>"; };
		1462CA042A053492005256E5 /* WeatherViewModel.swift */ = {isa = PBXFileReference; lastKnownFileType = sourcecode.swift; path = WeatherViewModel.swift; sourceTree = "<group>"; };
		1462CA072A0536E5005256E5 /* ListWeatherView.swift */ = {isa = PBXFileReference; lastKnownFileType = sourcecode.swift; path = ListWeatherView.swift; sourceTree = "<group>"; };
		1462CA092A05388B005256E5 /* SettingWeatherView.swift */ = {isa = PBXFileReference; lastKnownFileType = sourcecode.swift; path = SettingWeatherView.swift; sourceTree = "<group>"; };
		1462CA0B2A0538D3005256E5 /* AddWeatherView.swift */ = {isa = PBXFileReference; lastKnownFileType = sourcecode.swift; path = AddWeatherView.swift; sourceTree = "<group>"; };
/* End PBXFileReference section */

/* Begin PBXFrameworksBuildPhase section */
		1462C9E52A051C94005256E5 /* Frameworks */ = {
			isa = PBXFrameworksBuildPhase;
			buildActionMask = 2147483647;
			files = (
			);
			runOnlyForDeploymentPostprocessing = 0;
		};
/* End PBXFrameworksBuildPhase section */

/* Begin PBXGroup section */
		1403AAD82A07D227002B69D4 /* Global State */ = {
			isa = PBXGroup;
			children = (
				1403AAD92A07D275002B69D4 /* Store.swift */,
			);
			path = "Global State";
			sourceTree = "<group>";
		};
		1462C9DF2A051C94005256E5 = {
			isa = PBXGroup;
			children = (
				1462C9EA2A051C94005256E5 /* swiftUI.weather */,
				1462C9E92A051C94005256E5 /* Products */,
			);
			sourceTree = "<group>";
		};
		1462C9E92A051C94005256E5 /* Products */ = {
			isa = PBXGroup;
			children = (
				1462C9E82A051C94005256E5 /* swiftUI.weather.app */,
			);
			name = Products;
			sourceTree = "<group>";
		};
		1462C9EA2A051C94005256E5 /* swiftUI.weather */ = {
			isa = PBXGroup;
			children = (
				1403AAD82A07D227002B69D4 /* Global State */,
				1462CA062A0536D1005256E5 /* Views */,
				1462CA012A0533DB005256E5 /* ViewModels */,
				1462C9FE2A053220005256E5 /* Services */,
				1462C9FB2A052450005256E5 /* Models */,
				1462C9EB2A051C94005256E5 /* swiftUI_weatherApp.swift */,
				1462C9ED2A051C94005256E5 /* ContentView.swift */,
				1462C9F92A05204A005256E5 /* ApiName.swift */,
				1462C9EF2A051C95005256E5 /* Assets.xcassets */,
				1462C9F12A051C95005256E5 /* Preview Content */,
			);
			path = swiftUI.weather;
			sourceTree = "<group>";
		};
		1462C9F12A051C95005256E5 /* Preview Content */ = {
			isa = PBXGroup;
			children = (
				1462C9F22A051C95005256E5 /* Preview Assets.xcassets */,
			);
			path = "Preview Content";
			sourceTree = "<group>";
		};
		1462C9FB2A052450005256E5 /* Models */ = {
			isa = PBXGroup;
			children = (
				1462C9FC2A05245F005256E5 /* WeatherResponse.swift */,
			);
			path = Models;
			sourceTree = "<group>";
		};
		1462C9FE2A053220005256E5 /* Services */ = {
			isa = PBXGroup;
			children = (
				1462C9FF2A053231005256E5 /* WeatherService.swift */,
			);
			path = Services;
			sourceTree = "<group>";
		};
		1462CA012A0533DB005256E5 /* ViewModels */ = {
			isa = PBXGroup;
			children = (
				1462CA022A05344D005256E5 /* AddWeatherViewModel.swift */,
				1462CA042A053492005256E5 /* WeatherViewModel.swift */,
			);
			path = ViewModels;
			sourceTree = "<group>";
		};
		1462CA062A0536D1005256E5 /* Views */ = {
			isa = PBXGroup;
			children = (
				1462CA072A0536E5005256E5 /* ListWeatherView.swift */,
				1462CA092A05388B005256E5 /* SettingWeatherView.swift */,
				1462CA0B2A0538D3005256E5 /* AddWeatherView.swift */,
				1403AADB2A07D806002B69D4 /* WeatherCell.swift */,
			);
			path = Views;
			sourceTree = "<group>";
		};
/* End PBXGroup section */

/* Begin PBXNativeTarget section */
		1462C9E72A051C94005256E5 /* swiftUI.weather */ = {
			isa = PBXNativeTarget;
			buildConfigurationList = 1462C9F62A051C95005256E5 /* Build configuration list for PBXNativeTarget "swiftUI.weather" */;
			buildPhases = (
				1462C9E42A051C94005256E5 /* Sources */,
				1462C9E52A051C94005256E5 /* Frameworks */,
				1462C9E62A051C94005256E5 /* Resources */,
			);
			buildRules = (
			);
			dependencies = (
			);
			name = swiftUI.weather;
			productName = swiftUI.weather;
			productReference = 1462C9E82A051C94005256E5 /* swiftUI.weather.app */;
			productType = "com.apple.product-type.application";
		};
/* End PBXNativeTarget section */

/* Begin PBXProject section */
		1462C9E02A051C94005256E5 /* Project object */ = {
			isa = PBXProject;
			attributes = {
				BuildIndependentTargetsInParallel = 1;
				LastSwiftUpdateCheck = 1420;
				LastUpgradeCheck = 1420;
				TargetAttributes = {
					1462C9E72A051C94005256E5 = {
						CreatedOnToolsVersion = 14.2;
					};
				};
			};
			buildConfigurationList = 1462C9E32A051C94005256E5 /* Build configuration list for PBXProject "swiftUI.weather" */;
			compatibilityVersion = "Xcode 14.0";
			developmentRegion = en;
			hasScannedForEncodings = 0;
			knownRegions = (
				en,
				Base,
			);
			mainGroup = 1462C9DF2A051C94005256E5;
			productRefGroup = 1462C9E92A051C94005256E5 /* Products */;
			projectDirPath = "";
			projectRoot = "";
			targets = (
				1462C9E72A051C94005256E5 /* swiftUI.weather */,
			);
		};
/* End PBXProject section */

/* Begin PBXResourcesBuildPhase section */
		1462C9E62A051C94005256E5 /* Resources */ = {
			isa = PBXResourcesBuildPhase;
			buildActionMask = 2147483647;
			files = (
				1462C9F32A051C95005256E5 /* Preview Assets.xcassets in Resources */,
				1462C9F02A051C95005256E5 /* Assets.xcassets in Resources */,
			);
			runOnlyForDeploymentPostprocessing = 0;
		};
/* End PBXResourcesBuildPhase section */

/* Begin PBXSourcesBuildPhase section */
		1462C9E42A051C94005256E5 /* Sources */ = {
			isa = PBXSourcesBuildPhase;
			buildActionMask = 2147483647;
			files = (
				1462CA002A053231005256E5 /* WeatherService.swift in Sources */,
				1462CA052A053492005256E5 /* WeatherViewModel.swift in Sources */,
				1462CA032A05344D005256E5 /* AddWeatherViewModel.swift in Sources */,
				1462CA0C2A0538D3005256E5 /* AddWeatherView.swift in Sources */,
				1462C9FA2A05204A005256E5 /* ApiName.swift in Sources */,
				1462C9EE2A051C94005256E5 /* ContentView.swift in Sources */,
				1403AADA2A07D275002B69D4 /* Store.swift in Sources */,
				1462C9EC2A051C94005256E5 /* swiftUI_weatherApp.swift in Sources */,
				1403AADC2A07D806002B69D4 /* WeatherCell.swift in Sources */,
				1462C9FD2A05245F005256E5 /* WeatherResponse.swift in Sources */,
				1462CA082A0536E5005256E5 /* ListWeatherView.swift in Sources */,
				1462CA0A2A05388B005256E5 /* SettingWeatherView.swift in Sources */,
			);
			runOnlyForDeploymentPostprocessing = 0;
		};
/* End PBXSourcesBuildPhase section */

/* Begin XCBuildConfiguration section */
		1462C9F42A051C95005256E5 /* Debug */ = {
			isa = XCBuildConfiguration;
			buildSettings = {
				ALWAYS_SEARCH_USER_PATHS = NO;
				CLANG_ANALYZER_NONNULL = YES;
				CLANG_ANALYZER_NUMBER_OBJECT_CONVERSION = YES_AGGRESSIVE;
				CLANG_CXX_LANGUAGE_STANDARD = "gnu++20";
				CLANG_ENABLE_MODULES = YES;
				CLANG_ENABLE_OBJC_ARC = YES;
				CLANG_ENABLE_OBJC_WEAK = YES;
				CLANG_WARN_BLOCK_CAPTURE_AUTORELEASING = YES;
				CLANG_WARN_BOOL_CONVERSION = YES;
				CLANG_WARN_COMMA = YES;
				CLANG_WARN_CONSTANT_CONVERSION = YES;
				CLANG_WARN_DEPRECATED_OBJC_IMPLEMENTATIONS = YES;
				CLANG_WARN_DIRECT_OBJC_ISA_USAGE = YES_ERROR;
				CLANG_WARN_DOCUMENTATION_COMMENTS = YES;
				CLANG_WARN_EMPTY_BODY = YES;
				CLANG_WARN_ENUM_CONVERSION = YES;
				CLANG_WARN_INFINITE_RECURSION = YES;
				CLANG_WARN_INT_CONVERSION = YES;
				CLANG_WARN_NON_LITERAL_NULL_CONVERSION = YES;
				CLANG_WARN_OBJC_IMPLICIT_RETAIN_SELF = YES;
				CLANG_WARN_OBJC_LITERAL_CONVERSION = YES;
				CLANG_WARN_OBJC_ROOT_CLASS = YES_ERROR;
				CLANG_WARN_QUOTED_INCLUDE_IN_FRAMEWORK_HEADER = YES;
				CLANG_WARN_RANGE_LOOP_ANALYSIS = YES;
				CLANG_WARN_STRICT_PROTOTYPES = YES;
				CLANG_WARN_SUSPICIOUS_MOVE = YES;
				CLANG_WARN_UNGUARDED_AVAILABILITY = YES_AGGRESSIVE;
				CLANG_WARN_UNREACHABLE_CODE = YES;
				CLANG_WARN__DUPLICATE_METHOD_MATCH = YES;
				COPY_PHASE_STRIP = NO;
				DEBUG_INFORMATION_FORMAT = dwarf;
				ENABLE_STRICT_OBJC_MSGSEND = YES;
				ENABLE_TESTABILITY = YES;
				GCC_C_LANGUAGE_STANDARD = gnu11;
				GCC_DYNAMIC_NO_PIC = NO;
				GCC_NO_COMMON_BLOCKS = YES;
				GCC_OPTIMIZATION_LEVEL = 0;
				GCC_PREPROCESSOR_DEFINITIONS = (
					"DEBUG=1",
					"$(inherited)",
				);
				GCC_WARN_64_TO_32_BIT_CONVERSION = YES;
				GCC_WARN_ABOUT_RETURN_TYPE = YES_ERROR;
				GCC_WARN_UNDECLARED_SELECTOR = YES;
				GCC_WARN_UNINITIALIZED_AUTOS = YES_AGGRESSIVE;
				GCC_WARN_UNUSED_FUNCTION = YES;
				GCC_WARN_UNUSED_VARIABLE = YES;
				IPHONEOS_DEPLOYMENT_TARGET = 16.2;
				MTL_ENABLE_DEBUG_INFO = INCLUDE_SOURCE;
				MTL_FAST_MATH = YES;
				ONLY_ACTIVE_ARCH = YES;
				SDKROOT = iphoneos;
				SWIFT_ACTIVE_COMPILATION_CONDITIONS = DEBUG;
				SWIFT_OPTIMIZATION_LEVEL = "-Onone";
			};
			name = Debug;
		};
		1462C9F52A051C95005256E5 /* Release */ = {
			isa = XCBuildConfiguration;
			buildSettings = {
				ALWAYS_SEARCH_USER_PATHS = NO;
				CLANG_ANALYZER_NONNULL = YES;
				CLANG_ANALYZER_NUMBER_OBJECT_CONVERSION = YES_AGGRESSIVE;
				CLANG_CXX_LANGUAGE_STANDARD = "gnu++20";
				CLANG_ENABLE_MODULES = YES;
				CLANG_ENABLE_OBJC_ARC = YES;
				CLANG_ENABLE_OBJC_WEAK = YES;
				CLANG_WARN_BLOCK_CAPTURE_AUTORELEASING = YES;
				CLANG_WARN_BOOL_CONVERSION = YES;
				CLANG_WARN_COMMA = YES;
				CLANG_WARN_CONSTANT_CONVERSION = YES;
				CLANG_WARN_DEPRECATED_OBJC_IMPLEMENTATIONS = YES;
				CLANG_WARN_DIRECT_OBJC_ISA_USAGE = YES_ERROR;
				CLANG_WARN_DOCUMENTATION_COMMENTS = YES;
				CLANG_WARN_EMPTY_BODY = YES;
				CLANG_WARN_ENUM_CONVERSION = YES;
				CLANG_WARN_INFINITE_RECURSION = YES;
				CLANG_WARN_INT_CONVERSION = YES;
				CLANG_WARN_NON_LITERAL_NULL_CONVERSION = YES;
				CLANG_WARN_OBJC_IMPLICIT_RETAIN_SELF = YES;
				CLANG_WARN_OBJC_LITERAL_CONVERSION = YES;
				CLANG_WARN_OBJC_ROOT_CLASS = YES_ERROR;
				CLANG_WARN_QUOTED_INCLUDE_IN_FRAMEWORK_HEADER = YES;
				CLANG_WARN_RANGE_LOOP_ANALYSIS = YES;
				CLANG_WARN_STRICT_PROTOTYPES = YES;
				CLANG_WARN_SUSPICIOUS_MOVE = YES;
				CLANG_WARN_UNGUARDED_AVAILABILITY = YES_AGGRESSIVE;
				CLANG_WARN_UNREACHABLE_CODE = YES;
				CLANG_WARN__DUPLICATE_METHOD_MATCH = YES;
				COPY_PHASE_STRIP = NO;
				DEBUG_INFORMATION_FORMAT = "dwarf-with-dsym";
				ENABLE_NS_ASSERTIONS = NO;
				ENABLE_STRICT_OBJC_MSGSEND = YES;
				GCC_C_LANGUAGE_STANDARD = gnu11;
				GCC_NO_COMMON_BLOCKS = YES;
				GCC_WARN_64_TO_32_BIT_CONVERSION = YES;
				GCC_WARN_ABOUT_RETURN_TYPE = YES_ERROR;
				GCC_WARN_UNDECLARED_SELECTOR = YES;
				GCC_WARN_UNINITIALIZED_AUTOS = YES_AGGRESSIVE;
				GCC_WARN_UNUSED_FUNCTION = YES;
				GCC_WARN_UNUSED_VARIABLE = YES;
				IPHONEOS_DEPLOYMENT_TARGET = 16.2;
				MTL_ENABLE_DEBUG_INFO = NO;
				MTL_FAST_MATH = YES;
				SDKROOT = iphoneos;
				SWIFT_COMPILATION_MODE = wholemodule;
				SWIFT_OPTIMIZATION_LEVEL = "-O";
				VALIDATE_PRODUCT = YES;
			};
			name = Release;
		};
		1462C9F72A051C95005256E5 /* Debug */ = {
			isa = XCBuildConfiguration;
			buildSettings = {
				ASSETCATALOG_COMPILER_APPICON_NAME = AppIcon;
				ASSETCATALOG_COMPILER_GLOBAL_ACCENT_COLOR_NAME = AccentColor;
				CODE_SIGN_STYLE = Automatic;
				CURRENT_PROJECT_VERSION = 1;
				DEVELOPMENT_ASSET_PATHS = "\"swiftUI.weather/Preview Content\"";
				DEVELOPMENT_TEAM = Q247WY3MHA;
				ENABLE_PREVIEWS = YES;
				GENERATE_INFOPLIST_FILE = YES;
				INFOPLIST_KEY_UIApplicationSceneManifest_Generation = YES;
				INFOPLIST_KEY_UIApplicationSupportsIndirectInputEvents = YES;
				INFOPLIST_KEY_UILaunchScreen_Generation = YES;
				INFOPLIST_KEY_UISupportedInterfaceOrientations_iPad = "UIInterfaceOrientationPortrait UIInterfaceOrientationPortraitUpsideDown UIInterfaceOrientationLandscapeLeft UIInterfaceOrientationLandscapeRight";
				INFOPLIST_KEY_UISupportedInterfaceOrientations_iPhone = "UIInterfaceOrientationPortrait UIInterfaceOrientationLandscapeLeft UIInterfaceOrientationLandscapeRight";
				LD_RUNPATH_SEARCH_PATHS = (
					"$(inherited)",
					"@executable_path/Frameworks",
				);
				MARKETING_VERSION = 1.0;
				PRODUCT_BUNDLE_IDENTIFIER = "com.salmdo.swiftUI-weather";
				PRODUCT_NAME = "$(TARGET_NAME)";
				SWIFT_EMIT_LOC_STRINGS = YES;
				SWIFT_VERSION = 5.0;
				TARGETED_DEVICE_FAMILY = "1,2";
			};
			name = Debug;
		};
		1462C9F82A051C95005256E5 /* Release */ = {
			isa = XCBuildConfiguration;
			buildSettings = {
				ASSETCATALOG_COMPILER_APPICON_NAME = AppIcon;
				ASSETCATALOG_COMPILER_GLOBAL_ACCENT_COLOR_NAME = AccentColor;
				CODE_SIGN_STYLE = Automatic;
				CURRENT_PROJECT_VERSION = 1;
				DEVELOPMENT_ASSET_PATHS = "\"swiftUI.weather/Preview Content\"";
				DEVELOPMENT_TEAM = Q247WY3MHA;
				ENABLE_PREVIEWS = YES;
				GENERATE_INFOPLIST_FILE = YES;
				INFOPLIST_KEY_UIApplicationSceneManifest_Generation = YES;
				INFOPLIST_KEY_UIApplicationSupportsIndirectInputEvents = YES;
				INFOPLIST_KEY_UILaunchScreen_Generation = YES;
				INFOPLIST_KEY_UISupportedInterfaceOrientations_iPad = "UIInterfaceOrientationPortrait UIInterfaceOrientationPortraitUpsideDown UIInterfaceOrientationLandscapeLeft UIInterfaceOrientationLandscapeRight";
				INFOPLIST_KEY_UISupportedInterfaceOrientations_iPhone = "UIInterfaceOrientationPortrait UIInterfaceOrientationLandscapeLeft UIInterfaceOrientationLandscapeRight";
				LD_RUNPATH_SEARCH_PATHS = (
					"$(inherited)",
					"@executable_path/Frameworks",
				);
				MARKETING_VERSION = 1.0;
				PRODUCT_BUNDLE_IDENTIFIER = "com.salmdo.swiftUI-weather";
				PRODUCT_NAME = "$(TARGET_NAME)";
				SWIFT_EMIT_LOC_STRINGS = YES;
				SWIFT_VERSION = 5.0;
				TARGETED_DEVICE_FAMILY = "1,2";
			};
			name = Release;
		};
/* End XCBuildConfiguration section */

/* Begin XCConfigurationList section */
		1462C9E32A051C94005256E5 /* Build configuration list for PBXProject "swiftUI.weather" */ = {
			isa = XCConfigurationList;
			buildConfigurations = (
				1462C9F42A051C95005256E5 /* Debug */,
				1462C9F52A051C95005256E5 /* Release */,
			);
			defaultConfigurationIsVisible = 0;
			defaultConfigurationName = Release;
		};
		1462C9F62A051C95005256E5 /* Build configuration list for PBXNativeTarget "swiftUI.weather" */ = {
			isa = XCConfigurationList;
			buildConfigurations = (
				1462C9F72A051C95005256E5 /* Debug */,
				1462C9F82A051C95005256E5 /* Release */,
			);
			defaultConfigurationIsVisible = 0;
			defaultConfigurationName = Release;
		};
/* End XCConfigurationList section */
	};
	rootObject = 1462C9E02A051C94005256E5 /* Project object */;
}
